// !$*UTF8*$!
{
	archiveVersion = 1;
	classes = {
	};
	objectVersion = 77;
	objects = {

/* Begin PBXBuildFile section */
		27D3DBB82CA5E56F005FCD91 /* FirebaseAnalytics in Frameworks */ = {isa = PBXBuildFile; productRef = 27D3DBB72CA5E56F005FCD91 /* FirebaseAnalytics */; };
		631DE6132CAE24C700857621 /* FirebaseAnalyticsOnDeviceConversion in Frameworks */ = {isa = PBXBuildFile; productRef = 631DE6122CAE24C700857621 /* FirebaseAnalyticsOnDeviceConversion */; };
		631DE6152CAE24C700857621 /* FirebaseAnalyticsWithoutAdIdSupport in Frameworks */ = {isa = PBXBuildFile; productRef = 631DE6142CAE24C700857621 /* FirebaseAnalyticsWithoutAdIdSupport */; };
		631DE6172CAE24C700857621 /* FirebaseAppCheck in Frameworks */ = {isa = PBXBuildFile; productRef = 631DE6162CAE24C700857621 /* FirebaseAppCheck */; };
		631DE6192CAE24C700857621 /* FirebaseAppDistribution-Beta in Frameworks */ = {isa = PBXBuildFile; productRef = 631DE6182CAE24C700857621 /* FirebaseAppDistribution-Beta */; };
		631DE61B2CAE24C700857621 /* FirebaseAuth in Frameworks */ = {isa = PBXBuildFile; productRef = 631DE61A2CAE24C700857621 /* FirebaseAuth */; };
		631DE61D2CAE24C700857621 /* FirebaseAuthCombine-Community in Frameworks */ = {isa = PBXBuildFile; productRef = 631DE61C2CAE24C700857621 /* FirebaseAuthCombine-Community */; };
		631DE61F2CAE24C700857621 /* FirebaseCore in Frameworks */ = {isa = PBXBuildFile; productRef = 631DE61E2CAE24C700857621 /* FirebaseCore */; };
		631DE6212CAE24C700857621 /* FirebaseCrashlytics in Frameworks */ = {isa = PBXBuildFile; productRef = 631DE6202CAE24C700857621 /* FirebaseCrashlytics */; };
		631DE6232CAE24C700857621 /* FirebaseDatabase in Frameworks */ = {isa = PBXBuildFile; productRef = 631DE6222CAE24C700857621 /* FirebaseDatabase */; };
		631DE6252CAE24C700857621 /* FirebaseDynamicLinks in Frameworks */ = {isa = PBXBuildFile; productRef = 631DE6242CAE24C700857621 /* FirebaseDynamicLinks */; };
		631DE6272CAE24C700857621 /* FirebaseFirestore in Frameworks */ = {isa = PBXBuildFile; productRef = 631DE6262CAE24C700857621 /* FirebaseFirestore */; };
		631DE6292CAE24C700857621 /* FirebaseFirestoreCombine-Community in Frameworks */ = {isa = PBXBuildFile; productRef = 631DE6282CAE24C700857621 /* FirebaseFirestoreCombine-Community */; };
		631DE62B2CAE24C700857621 /* FirebaseFunctions in Frameworks */ = {isa = PBXBuildFile; productRef = 631DE62A2CAE24C700857621 /* FirebaseFunctions */; };
		631DE62D2CAE24C700857621 /* FirebaseFunctionsCombine-Community in Frameworks */ = {isa = PBXBuildFile; productRef = 631DE62C2CAE24C700857621 /* FirebaseFunctionsCombine-Community */; };
		631DE62F2CAE24C700857621 /* FirebaseInAppMessaging-Beta in Frameworks */ = {isa = PBXBuildFile; productRef = 631DE62E2CAE24C700857621 /* FirebaseInAppMessaging-Beta */; };
		631DE6312CAE24C700857621 /* FirebaseInstallations in Frameworks */ = {isa = PBXBuildFile; productRef = 631DE6302CAE24C700857621 /* FirebaseInstallations */; };
		631DE6332CAE24C700857621 /* FirebaseMLModelDownloader in Frameworks */ = {isa = PBXBuildFile; productRef = 631DE6322CAE24C700857621 /* FirebaseMLModelDownloader */; };
		631DE6352CAE24C700857621 /* FirebaseMessaging in Frameworks */ = {isa = PBXBuildFile; productRef = 631DE6342CAE24C700857621 /* FirebaseMessaging */; };
		631DE6372CAE24C700857621 /* FirebasePerformance in Frameworks */ = {isa = PBXBuildFile; productRef = 631DE6362CAE24C700857621 /* FirebasePerformance */; };
		631DE6392CAE24C700857621 /* FirebaseRemoteConfig in Frameworks */ = {isa = PBXBuildFile; productRef = 631DE6382CAE24C700857621 /* FirebaseRemoteConfig */; };
		631DE63B2CAE24C700857621 /* FirebaseStorage in Frameworks */ = {isa = PBXBuildFile; productRef = 631DE63A2CAE24C700857621 /* FirebaseStorage */; };
		631DE63D2CAE24C700857621 /* FirebaseStorageCombine-Community in Frameworks */ = {isa = PBXBuildFile; productRef = 631DE63C2CAE24C700857621 /* FirebaseStorageCombine-Community */; };
		631DE63F2CAE24C700857621 /* FirebaseVertexAI-Preview in Frameworks */ = {isa = PBXBuildFile; productRef = 631DE63E2CAE24C700857621 /* FirebaseVertexAI-Preview */; };
/* End PBXBuildFile section */

/* Begin PBXContainerItemProxy section */
		27D3DB962CA5E4BD005FCD91 /* PBXContainerItemProxy */ = {
			isa = PBXContainerItemProxy;
			containerPortal = 27D3DB7D2CA5E4BB005FCD91 /* Project object */;
			proxyType = 1;
			remoteGlobalIDString = 27D3DB842CA5E4BB005FCD91;
			remoteInfo = SpendiQ;
		};
		27D3DBA02CA5E4BD005FCD91 /* PBXContainerItemProxy */ = {
			isa = PBXContainerItemProxy;
			containerPortal = 27D3DB7D2CA5E4BB005FCD91 /* Project object */;
			proxyType = 1;
			remoteGlobalIDString = 27D3DB842CA5E4BB005FCD91;
			remoteInfo = SpendiQ;
		};
/* End PBXContainerItemProxy section */

/* Begin PBXFileReference section */
		27D3DB852CA5E4BB005FCD91 /* SpendiQ.app */ = {isa = PBXFileReference; explicitFileType = wrapper.application; includeInIndex = 0; path = SpendiQ.app; sourceTree = BUILT_PRODUCTS_DIR; };
		27D3DB952CA5E4BD005FCD91 /* SpendiQTests.xctest */ = {isa = PBXFileReference; explicitFileType = wrapper.cfbundle; includeInIndex = 0; path = SpendiQTests.xctest; sourceTree = BUILT_PRODUCTS_DIR; };
		27D3DB9F2CA5E4BD005FCD91 /* SpendiQUITests.xctest */ = {isa = PBXFileReference; explicitFileType = wrapper.cfbundle; includeInIndex = 0; path = SpendiQUITests.xctest; sourceTree = BUILT_PRODUCTS_DIR; };
/* End PBXFileReference section */

/* Begin PBXFileSystemSynchronizedRootGroup section */
		27D3DB872CA5E4BB005FCD91 /* SpendiQ */ = {
			isa = PBXFileSystemSynchronizedRootGroup;
			path = SpendiQ;
			sourceTree = "<group>";
		};
		27D3DB982CA5E4BD005FCD91 /* SpendiQTests */ = {
			isa = PBXFileSystemSynchronizedRootGroup;
			path = SpendiQTests;
			sourceTree = "<group>";
		};
		27D3DBA22CA5E4BD005FCD91 /* SpendiQUITests */ = {
			isa = PBXFileSystemSynchronizedRootGroup;
			path = SpendiQUITests;
			sourceTree = "<group>";
		};
/* End PBXFileSystemSynchronizedRootGroup section */

/* Begin PBXFrameworksBuildPhase section */
		27D3DB822CA5E4BB005FCD91 /* Frameworks */ = {
			isa = PBXFrameworksBuildPhase;
			buildActionMask = 2147483647;
			files = (
				631DE63F2CAE24C700857621 /* FirebaseVertexAI-Preview in Frameworks */,
				631DE6292CAE24C700857621 /* FirebaseFirestoreCombine-Community in Frameworks */,
				631DE62B2CAE24C700857621 /* FirebaseFunctions in Frameworks */,
				631DE6372CAE24C700857621 /* FirebasePerformance in Frameworks */,
				631DE63D2CAE24C700857621 /* FirebaseStorageCombine-Community in Frameworks */,
				631DE6392CAE24C700857621 /* FirebaseRemoteConfig in Frameworks */,
				631DE6232CAE24C700857621 /* FirebaseDatabase in Frameworks */,
				631DE6252CAE24C700857621 /* FirebaseDynamicLinks in Frameworks */,
				631DE6172CAE24C700857621 /* FirebaseAppCheck in Frameworks */,
				631DE61B2CAE24C700857621 /* FirebaseAuth in Frameworks */,
				27D3DBB82CA5E56F005FCD91 /* FirebaseAnalytics in Frameworks */,
				631DE6272CAE24C700857621 /* FirebaseFirestore in Frameworks */,
				631DE6352CAE24C700857621 /* FirebaseMessaging in Frameworks */,
				631DE6312CAE24C700857621 /* FirebaseInstallations in Frameworks */,
				631DE62D2CAE24C700857621 /* FirebaseFunctionsCombine-Community in Frameworks */,
				631DE6192CAE24C700857621 /* FirebaseAppDistribution-Beta in Frameworks */,
				631DE6152CAE24C700857621 /* FirebaseAnalyticsWithoutAdIdSupport in Frameworks */,
				631DE62F2CAE24C700857621 /* FirebaseInAppMessaging-Beta in Frameworks */,
				631DE61D2CAE24C700857621 /* FirebaseAuthCombine-Community in Frameworks */,
				631DE6212CAE24C700857621 /* FirebaseCrashlytics in Frameworks */,
				631DE6332CAE24C700857621 /* FirebaseMLModelDownloader in Frameworks */,
				631DE63B2CAE24C700857621 /* FirebaseStorage in Frameworks */,
				631DE61F2CAE24C700857621 /* FirebaseCore in Frameworks */,
				631DE6132CAE24C700857621 /* FirebaseAnalyticsOnDeviceConversion in Frameworks */,
			);
			runOnlyForDeploymentPostprocessing = 0;
		};
		27D3DB922CA5E4BD005FCD91 /* Frameworks */ = {
			isa = PBXFrameworksBuildPhase;
			buildActionMask = 2147483647;
			files = (
			);
			runOnlyForDeploymentPostprocessing = 0;
		};
		27D3DB9C2CA5E4BD005FCD91 /* Frameworks */ = {
			isa = PBXFrameworksBuildPhase;
			buildActionMask = 2147483647;
			files = (
			);
			runOnlyForDeploymentPostprocessing = 0;
		};
/* End PBXFrameworksBuildPhase section */

/* Begin PBXGroup section */
		27D3DB7C2CA5E4BB005FCD91 = {
			isa = PBXGroup;
			children = (
				27D3DB872CA5E4BB005FCD91 /* SpendiQ */,
				27D3DB982CA5E4BD005FCD91 /* SpendiQTests */,
				27D3DBA22CA5E4BD005FCD91 /* SpendiQUITests */,
				27D3DB862CA5E4BB005FCD91 /* Products */,
			);
			sourceTree = "<group>";
		};
		27D3DB862CA5E4BB005FCD91 /* Products */ = {
			isa = PBXGroup;
			children = (
				27D3DB852CA5E4BB005FCD91 /* SpendiQ.app */,
				27D3DB952CA5E4BD005FCD91 /* SpendiQTests.xctest */,
				27D3DB9F2CA5E4BD005FCD91 /* SpendiQUITests.xctest */,
			);
			name = Products;
			sourceTree = "<group>";
		};
/* End PBXGroup section */

/* Begin PBXNativeTarget section */
		27D3DB842CA5E4BB005FCD91 /* SpendiQ */ = {
			isa = PBXNativeTarget;
			buildConfigurationList = 27D3DBA92CA5E4BD005FCD91 /* Build configuration list for PBXNativeTarget "SpendiQ" */;
			buildPhases = (
				27D3DB812CA5E4BB005FCD91 /* Sources */,
				27D3DB822CA5E4BB005FCD91 /* Frameworks */,
				27D3DB832CA5E4BB005FCD91 /* Resources */,
			);
			buildRules = (
			);
			dependencies = (
			);
			fileSystemSynchronizedGroups = (
				27D3DB872CA5E4BB005FCD91 /* SpendiQ */,
			);
			name = SpendiQ;
			packageProductDependencies = (
				27D3DBB72CA5E56F005FCD91 /* FirebaseAnalytics */,
				631DE6122CAE24C700857621 /* FirebaseAnalyticsOnDeviceConversion */,
				631DE6142CAE24C700857621 /* FirebaseAnalyticsWithoutAdIdSupport */,
				631DE6162CAE24C700857621 /* FirebaseAppCheck */,
				631DE6182CAE24C700857621 /* FirebaseAppDistribution-Beta */,
				631DE61A2CAE24C700857621 /* FirebaseAuth */,
				631DE61C2CAE24C700857621 /* FirebaseAuthCombine-Community */,
				631DE61E2CAE24C700857621 /* FirebaseCore */,
				631DE6202CAE24C700857621 /* FirebaseCrashlytics */,
				631DE6222CAE24C700857621 /* FirebaseDatabase */,
				631DE6242CAE24C700857621 /* FirebaseDynamicLinks */,
				631DE6262CAE24C700857621 /* FirebaseFirestore */,
				631DE6282CAE24C700857621 /* FirebaseFirestoreCombine-Community */,
				631DE62A2CAE24C700857621 /* FirebaseFunctions */,
				631DE62C2CAE24C700857621 /* FirebaseFunctionsCombine-Community */,
				631DE62E2CAE24C700857621 /* FirebaseInAppMessaging-Beta */,
				631DE6302CAE24C700857621 /* FirebaseInstallations */,
				631DE6322CAE24C700857621 /* FirebaseMLModelDownloader */,
				631DE6342CAE24C700857621 /* FirebaseMessaging */,
				631DE6362CAE24C700857621 /* FirebasePerformance */,
				631DE6382CAE24C700857621 /* FirebaseRemoteConfig */,
				631DE63A2CAE24C700857621 /* FirebaseStorage */,
				631DE63C2CAE24C700857621 /* FirebaseStorageCombine-Community */,
				631DE63E2CAE24C700857621 /* FirebaseVertexAI-Preview */,
			);
			productName = SpendiQ;
			productReference = 27D3DB852CA5E4BB005FCD91 /* SpendiQ.app */;
			productType = "com.apple.product-type.application";
		};
		27D3DB942CA5E4BD005FCD91 /* SpendiQTests */ = {
			isa = PBXNativeTarget;
			buildConfigurationList = 27D3DBAC2CA5E4BD005FCD91 /* Build configuration list for PBXNativeTarget "SpendiQTests" */;
			buildPhases = (
				27D3DB912CA5E4BD005FCD91 /* Sources */,
				27D3DB922CA5E4BD005FCD91 /* Frameworks */,
				27D3DB932CA5E4BD005FCD91 /* Resources */,
			);
			buildRules = (
			);
			dependencies = (
				27D3DB972CA5E4BD005FCD91 /* PBXTargetDependency */,
			);
			fileSystemSynchronizedGroups = (
				27D3DB982CA5E4BD005FCD91 /* SpendiQTests */,
			);
			name = SpendiQTests;
			packageProductDependencies = (
			);
			productName = SpendiQTests;
			productReference = 27D3DB952CA5E4BD005FCD91 /* SpendiQTests.xctest */;
			productType = "com.apple.product-type.bundle.unit-test";
		};
		27D3DB9E2CA5E4BD005FCD91 /* SpendiQUITests */ = {
			isa = PBXNativeTarget;
			buildConfigurationList = 27D3DBAF2CA5E4BD005FCD91 /* Build configuration list for PBXNativeTarget "SpendiQUITests" */;
			buildPhases = (
				27D3DB9B2CA5E4BD005FCD91 /* Sources */,
				27D3DB9C2CA5E4BD005FCD91 /* Frameworks */,
				27D3DB9D2CA5E4BD005FCD91 /* Resources */,
			);
			buildRules = (
			);
			dependencies = (
				27D3DBA12CA5E4BD005FCD91 /* PBXTargetDependency */,
			);
			fileSystemSynchronizedGroups = (
				27D3DBA22CA5E4BD005FCD91 /* SpendiQUITests */,
			);
			name = SpendiQUITests;
			packageProductDependencies = (
			);
			productName = SpendiQUITests;
			productReference = 27D3DB9F2CA5E4BD005FCD91 /* SpendiQUITests.xctest */;
			productType = "com.apple.product-type.bundle.ui-testing";
		};
/* End PBXNativeTarget section */

/* Begin PBXProject section */
		27D3DB7D2CA5E4BB005FCD91 /* Project object */ = {
			isa = PBXProject;
			attributes = {
				BuildIndependentTargetsInParallel = 1;
				LastSwiftUpdateCheck = 1600;
				LastUpgradeCheck = 1600;
				TargetAttributes = {
					27D3DB842CA5E4BB005FCD91 = {
						CreatedOnToolsVersion = 16.0;
					};
					27D3DB942CA5E4BD005FCD91 = {
						CreatedOnToolsVersion = 16.0;
						TestTargetID = 27D3DB842CA5E4BB005FCD91;
					};
					27D3DB9E2CA5E4BD005FCD91 = {
						CreatedOnToolsVersion = 16.0;
						TestTargetID = 27D3DB842CA5E4BB005FCD91;
					};
				};
			};
			buildConfigurationList = 27D3DB802CA5E4BB005FCD91 /* Build configuration list for PBXProject "SpendiQ" */;
			developmentRegion = en;
			hasScannedForEncodings = 0;
			knownRegions = (
				en,
				Base,
			);
			mainGroup = 27D3DB7C2CA5E4BB005FCD91;
			minimizedProjectReferenceProxies = 1;
			packageReferences = (
				27D3DBB62CA5E56F005FCD91 /* XCRemoteSwiftPackageReference "firebase-ios-sdk" */,
			);
			preferredProjectObjectVersion = 77;
			productRefGroup = 27D3DB862CA5E4BB005FCD91 /* Products */;
			projectDirPath = "";
			projectRoot = "";
			targets = (
				27D3DB842CA5E4BB005FCD91 /* SpendiQ */,
				27D3DB942CA5E4BD005FCD91 /* SpendiQTests */,
				27D3DB9E2CA5E4BD005FCD91 /* SpendiQUITests */,
			);
		};
/* End PBXProject section */

/* Begin PBXResourcesBuildPhase section */
		27D3DB832CA5E4BB005FCD91 /* Resources */ = {
			isa = PBXResourcesBuildPhase;
			buildActionMask = 2147483647;
			files = (
			);
			runOnlyForDeploymentPostprocessing = 0;
		};
		27D3DB932CA5E4BD005FCD91 /* Resources */ = {
			isa = PBXResourcesBuildPhase;
			buildActionMask = 2147483647;
			files = (
			);
			runOnlyForDeploymentPostprocessing = 0;
		};
		27D3DB9D2CA5E4BD005FCD91 /* Resources */ = {
			isa = PBXResourcesBuildPhase;
			buildActionMask = 2147483647;
			files = (
			);
			runOnlyForDeploymentPostprocessing = 0;
		};
/* End PBXResourcesBuildPhase section */

/* Begin PBXSourcesBuildPhase section */
		27D3DB812CA5E4BB005FCD91 /* Sources */ = {
			isa = PBXSourcesBuildPhase;
			buildActionMask = 2147483647;
			files = (
			);
			runOnlyForDeploymentPostprocessing = 0;
		};
		27D3DB912CA5E4BD005FCD91 /* Sources */ = {
			isa = PBXSourcesBuildPhase;
			buildActionMask = 2147483647;
			files = (
			);
			runOnlyForDeploymentPostprocessing = 0;
		};
		27D3DB9B2CA5E4BD005FCD91 /* Sources */ = {
			isa = PBXSourcesBuildPhase;
			buildActionMask = 2147483647;
			files = (
			);
			runOnlyForDeploymentPostprocessing = 0;
		};
/* End PBXSourcesBuildPhase section */

/* Begin PBXTargetDependency section */
		27D3DB972CA5E4BD005FCD91 /* PBXTargetDependency */ = {
			isa = PBXTargetDependency;
			target = 27D3DB842CA5E4BB005FCD91 /* SpendiQ */;
			targetProxy = 27D3DB962CA5E4BD005FCD91 /* PBXContainerItemProxy */;
		};
		27D3DBA12CA5E4BD005FCD91 /* PBXTargetDependency */ = {
			isa = PBXTargetDependency;
			target = 27D3DB842CA5E4BB005FCD91 /* SpendiQ */;
			targetProxy = 27D3DBA02CA5E4BD005FCD91 /* PBXContainerItemProxy */;
		};
/* End PBXTargetDependency section */

/* Begin XCBuildConfiguration section */
		27D3DBA72CA5E4BD005FCD91 /* Debug */ = {
			isa = XCBuildConfiguration;
			buildSettings = {
				ALWAYS_SEARCH_USER_PATHS = NO;
				ASSETCATALOG_COMPILER_GENERATE_SWIFT_ASSET_SYMBOL_EXTENSIONS = YES;
				CLANG_ANALYZER_NONNULL = YES;
				CLANG_ANALYZER_NUMBER_OBJECT_CONVERSION = YES_AGGRESSIVE;
				CLANG_CXX_LANGUAGE_STANDARD = "gnu++20";
				CLANG_ENABLE_MODULES = YES;
				CLANG_ENABLE_OBJC_ARC = YES;
				CLANG_ENABLE_OBJC_WEAK = YES;
				CLANG_WARN_BLOCK_CAPTURE_AUTORELEASING = YES;
				CLANG_WARN_BOOL_CONVERSION = YES;
				CLANG_WARN_COMMA = YES;
				CLANG_WARN_CONSTANT_CONVERSION = YES;
				CLANG_WARN_DEPRECATED_OBJC_IMPLEMENTATIONS = YES;
				CLANG_WARN_DIRECT_OBJC_ISA_USAGE = YES_ERROR;
				CLANG_WARN_DOCUMENTATION_COMMENTS = YES;
				CLANG_WARN_EMPTY_BODY = YES;
				CLANG_WARN_ENUM_CONVERSION = YES;
				CLANG_WARN_INFINITE_RECURSION = YES;
				CLANG_WARN_INT_CONVERSION = YES;
				CLANG_WARN_NON_LITERAL_NULL_CONVERSION = YES;
				CLANG_WARN_OBJC_IMPLICIT_RETAIN_SELF = YES;
				CLANG_WARN_OBJC_LITERAL_CONVERSION = YES;
				CLANG_WARN_OBJC_ROOT_CLASS = YES_ERROR;
				CLANG_WARN_QUOTED_INCLUDE_IN_FRAMEWORK_HEADER = YES;
				CLANG_WARN_RANGE_LOOP_ANALYSIS = YES;
				CLANG_WARN_STRICT_PROTOTYPES = YES;
				CLANG_WARN_SUSPICIOUS_MOVE = YES;
				CLANG_WARN_UNGUARDED_AVAILABILITY = YES_AGGRESSIVE;
				CLANG_WARN_UNREACHABLE_CODE = YES;
				CLANG_WARN__DUPLICATE_METHOD_MATCH = YES;
				COPY_PHASE_STRIP = NO;
				DEBUG_INFORMATION_FORMAT = dwarf;
				ENABLE_STRICT_OBJC_MSGSEND = YES;
				ENABLE_TESTABILITY = YES;
				ENABLE_USER_SCRIPT_SANDBOXING = YES;
				GCC_C_LANGUAGE_STANDARD = gnu17;
				GCC_DYNAMIC_NO_PIC = NO;
				GCC_NO_COMMON_BLOCKS = YES;
				GCC_OPTIMIZATION_LEVEL = 0;
				GCC_PREPROCESSOR_DEFINITIONS = (
					"DEBUG=1",
					"$(inherited)",
				);
				GCC_WARN_64_TO_32_BIT_CONVERSION = YES;
				GCC_WARN_ABOUT_RETURN_TYPE = YES_ERROR;
				GCC_WARN_UNDECLARED_SELECTOR = YES;
				GCC_WARN_UNINITIALIZED_AUTOS = YES_AGGRESSIVE;
				GCC_WARN_UNUSED_FUNCTION = YES;
				GCC_WARN_UNUSED_VARIABLE = YES;
				IPHONEOS_DEPLOYMENT_TARGET = 18.0;
				LOCALIZATION_PREFERS_STRING_CATALOGS = YES;
				MTL_ENABLE_DEBUG_INFO = INCLUDE_SOURCE;
				MTL_FAST_MATH = YES;
				ONLY_ACTIVE_ARCH = YES;
				SDKROOT = iphoneos;
				SWIFT_ACTIVE_COMPILATION_CONDITIONS = "DEBUG $(inherited)";
				SWIFT_OPTIMIZATION_LEVEL = "-Onone";
			};
			name = Debug;
		};
		27D3DBA82CA5E4BD005FCD91 /* Release */ = {
			isa = XCBuildConfiguration;
			buildSettings = {
				ALWAYS_SEARCH_USER_PATHS = NO;
				ASSETCATALOG_COMPILER_GENERATE_SWIFT_ASSET_SYMBOL_EXTENSIONS = YES;
				CLANG_ANALYZER_NONNULL = YES;
				CLANG_ANALYZER_NUMBER_OBJECT_CONVERSION = YES_AGGRESSIVE;
				CLANG_CXX_LANGUAGE_STANDARD = "gnu++20";
				CLANG_ENABLE_MODULES = YES;
				CLANG_ENABLE_OBJC_ARC = YES;
				CLANG_ENABLE_OBJC_WEAK = YES;
				CLANG_WARN_BLOCK_CAPTURE_AUTORELEASING = YES;
				CLANG_WARN_BOOL_CONVERSION = YES;
				CLANG_WARN_COMMA = YES;
				CLANG_WARN_CONSTANT_CONVERSION = YES;
				CLANG_WARN_DEPRECATED_OBJC_IMPLEMENTATIONS = YES;
				CLANG_WARN_DIRECT_OBJC_ISA_USAGE = YES_ERROR;
				CLANG_WARN_DOCUMENTATION_COMMENTS = YES;
				CLANG_WARN_EMPTY_BODY = YES;
				CLANG_WARN_ENUM_CONVERSION = YES;
				CLANG_WARN_INFINITE_RECURSION = YES;
				CLANG_WARN_INT_CONVERSION = YES;
				CLANG_WARN_NON_LITERAL_NULL_CONVERSION = YES;
				CLANG_WARN_OBJC_IMPLICIT_RETAIN_SELF = YES;
				CLANG_WARN_OBJC_LITERAL_CONVERSION = YES;
				CLANG_WARN_OBJC_ROOT_CLASS = YES_ERROR;
				CLANG_WARN_QUOTED_INCLUDE_IN_FRAMEWORK_HEADER = YES;
				CLANG_WARN_RANGE_LOOP_ANALYSIS = YES;
				CLANG_WARN_STRICT_PROTOTYPES = YES;
				CLANG_WARN_SUSPICIOUS_MOVE = YES;
				CLANG_WARN_UNGUARDED_AVAILABILITY = YES_AGGRESSIVE;
				CLANG_WARN_UNREACHABLE_CODE = YES;
				CLANG_WARN__DUPLICATE_METHOD_MATCH = YES;
				COPY_PHASE_STRIP = NO;
				DEBUG_INFORMATION_FORMAT = "dwarf-with-dsym";
				ENABLE_NS_ASSERTIONS = NO;
				ENABLE_STRICT_OBJC_MSGSEND = YES;
				ENABLE_USER_SCRIPT_SANDBOXING = YES;
				GCC_C_LANGUAGE_STANDARD = gnu17;
				GCC_NO_COMMON_BLOCKS = YES;
				GCC_WARN_64_TO_32_BIT_CONVERSION = YES;
				GCC_WARN_ABOUT_RETURN_TYPE = YES_ERROR;
				GCC_WARN_UNDECLARED_SELECTOR = YES;
				GCC_WARN_UNINITIALIZED_AUTOS = YES_AGGRESSIVE;
				GCC_WARN_UNUSED_FUNCTION = YES;
				GCC_WARN_UNUSED_VARIABLE = YES;
				IPHONEOS_DEPLOYMENT_TARGET = 18.0;
				LOCALIZATION_PREFERS_STRING_CATALOGS = YES;
				MTL_ENABLE_DEBUG_INFO = NO;
				MTL_FAST_MATH = YES;
				SDKROOT = iphoneos;
				SWIFT_COMPILATION_MODE = wholemodule;
				VALIDATE_PRODUCT = YES;
			};
			name = Release;
		};
		27D3DBAA2CA5E4BD005FCD91 /* Debug */ = {
			isa = XCBuildConfiguration;
			buildSettings = {
				ASSETCATALOG_COMPILER_APPICON_NAME = AppIcon;
				ASSETCATALOG_COMPILER_GLOBAL_ACCENT_COLOR_NAME = AccentColor;
				CODE_SIGN_STYLE = Automatic;
				CURRENT_PROJECT_VERSION = 1;
				DEVELOPMENT_ASSET_PATHS = "\"SpendiQ/Preview Content\"";
				ENABLE_PREVIEWS = YES;
				GENERATE_INFOPLIST_FILE = YES;
				INFOPLIST_KEY_UIApplicationSceneManifest_Generation = YES;
				INFOPLIST_KEY_UIApplicationSupportsIndirectInputEvents = YES;
				INFOPLIST_KEY_UILaunchScreen_Generation = YES;
				INFOPLIST_KEY_UISupportedInterfaceOrientations_iPad = "UIInterfaceOrientationPortrait UIInterfaceOrientationPortraitUpsideDown UIInterfaceOrientationLandscapeLeft UIInterfaceOrientationLandscapeRight";
				INFOPLIST_KEY_UISupportedInterfaceOrientations_iPhone = "UIInterfaceOrientationPortrait UIInterfaceOrientationLandscapeLeft UIInterfaceOrientationLandscapeRight";
				LD_RUNPATH_SEARCH_PATHS = (
					"$(inherited)",
					"@executable_path/Frameworks",
				);
				MARKETING_VERSION = 1.0;
				PRODUCT_BUNDLE_IDENTIFIER = ISIS3510.team34.SpendiQ;
				PRODUCT_NAME = "$(TARGET_NAME)";
				SWIFT_EMIT_LOC_STRINGS = YES;
				SWIFT_VERSION = 5.0;
				TARGETED_DEVICE_FAMILY = "1,2";
			};
			name = Debug;
		};
		27D3DBAB2CA5E4BD005FCD91 /* Release */ = {
			isa = XCBuildConfiguration;
			buildSettings = {
				ASSETCATALOG_COMPILER_APPICON_NAME = AppIcon;
				ASSETCATALOG_COMPILER_GLOBAL_ACCENT_COLOR_NAME = AccentColor;
				CODE_SIGN_STYLE = Automatic;
				CURRENT_PROJECT_VERSION = 1;
				DEVELOPMENT_ASSET_PATHS = "\"SpendiQ/Preview Content\"";
				ENABLE_PREVIEWS = YES;
				GENERATE_INFOPLIST_FILE = YES;
				INFOPLIST_KEY_UIApplicationSceneManifest_Generation = YES;
				INFOPLIST_KEY_UIApplicationSupportsIndirectInputEvents = YES;
				INFOPLIST_KEY_UILaunchScreen_Generation = YES;
				INFOPLIST_KEY_UISupportedInterfaceOrientations_iPad = "UIInterfaceOrientationPortrait UIInterfaceOrientationPortraitUpsideDown UIInterfaceOrientationLandscapeLeft UIInterfaceOrientationLandscapeRight";
				INFOPLIST_KEY_UISupportedInterfaceOrientations_iPhone = "UIInterfaceOrientationPortrait UIInterfaceOrientationLandscapeLeft UIInterfaceOrientationLandscapeRight";
				LD_RUNPATH_SEARCH_PATHS = (
					"$(inherited)",
					"@executable_path/Frameworks",
				);
				MARKETING_VERSION = 1.0;
				PRODUCT_BUNDLE_IDENTIFIER = ISIS3510.team34.SpendiQ;
				PRODUCT_NAME = "$(TARGET_NAME)";
				SWIFT_EMIT_LOC_STRINGS = YES;
				SWIFT_VERSION = 5.0;
				TARGETED_DEVICE_FAMILY = "1,2";
			};
			name = Release;
		};
		27D3DBAD2CA5E4BD005FCD91 /* Debug */ = {
			isa = XCBuildConfiguration;
			buildSettings = {
				BUNDLE_LOADER = "$(TEST_HOST)";
				CODE_SIGN_STYLE = Automatic;
				CURRENT_PROJECT_VERSION = 1;
				GENERATE_INFOPLIST_FILE = YES;
				IPHONEOS_DEPLOYMENT_TARGET = 18.0;
				MARKETING_VERSION = 1.0;
				PRODUCT_BUNDLE_IDENTIFIER = ISIS3510.team34.SpendiQTests;
				PRODUCT_NAME = "$(TARGET_NAME)";
				SWIFT_EMIT_LOC_STRINGS = NO;
				SWIFT_VERSION = 5.0;
				TARGETED_DEVICE_FAMILY = "1,2";
				TEST_HOST = "$(BUILT_PRODUCTS_DIR)/SpendiQ.app/$(BUNDLE_EXECUTABLE_FOLDER_PATH)/SpendiQ";
			};
			name = Debug;
		};
		27D3DBAE2CA5E4BD005FCD91 /* Release */ = {
			isa = XCBuildConfiguration;
			buildSettings = {
				BUNDLE_LOADER = "$(TEST_HOST)";
				CODE_SIGN_STYLE = Automatic;
				CURRENT_PROJECT_VERSION = 1;
				GENERATE_INFOPLIST_FILE = YES;
				IPHONEOS_DEPLOYMENT_TARGET = 18.0;
				MARKETING_VERSION = 1.0;
				PRODUCT_BUNDLE_IDENTIFIER = ISIS3510.team34.SpendiQTests;
				PRODUCT_NAME = "$(TARGET_NAME)";
				SWIFT_EMIT_LOC_STRINGS = NO;
				SWIFT_VERSION = 5.0;
				TARGETED_DEVICE_FAMILY = "1,2";
				TEST_HOST = "$(BUILT_PRODUCTS_DIR)/SpendiQ.app/$(BUNDLE_EXECUTABLE_FOLDER_PATH)/SpendiQ";
			};
			name = Release;
		};
		27D3DBB02CA5E4BD005FCD91 /* Debug */ = {
			isa = XCBuildConfiguration;
			buildSettings = {
				CODE_SIGN_STYLE = Automatic;
				CURRENT_PROJECT_VERSION = 1;
				GENERATE_INFOPLIST_FILE = YES;
				MARKETING_VERSION = 1.0;
				PRODUCT_BUNDLE_IDENTIFIER = ISIS3510.team34.SpendiQUITests;
				PRODUCT_NAME = "$(TARGET_NAME)";
				SWIFT_EMIT_LOC_STRINGS = NO;
				SWIFT_VERSION = 5.0;
				TARGETED_DEVICE_FAMILY = "1,2";
				TEST_TARGET_NAME = SpendiQ;
			};
			name = Debug;
		};
		27D3DBB12CA5E4BD005FCD91 /* Release */ = {
			isa = XCBuildConfiguration;
			buildSettings = {
				CODE_SIGN_STYLE = Automatic;
				CURRENT_PROJECT_VERSION = 1;
				GENERATE_INFOPLIST_FILE = YES;
				MARKETING_VERSION = 1.0;
				PRODUCT_BUNDLE_IDENTIFIER = ISIS3510.team34.SpendiQUITests;
				PRODUCT_NAME = "$(TARGET_NAME)";
				SWIFT_EMIT_LOC_STRINGS = NO;
				SWIFT_VERSION = 5.0;
				TARGETED_DEVICE_FAMILY = "1,2";
				TEST_TARGET_NAME = SpendiQ;
			};
			name = Release;
		};
/* End XCBuildConfiguration section */

/* Begin XCConfigurationList section */
		27D3DB802CA5E4BB005FCD91 /* Build configuration list for PBXProject "SpendiQ" */ = {
			isa = XCConfigurationList;
			buildConfigurations = (
				27D3DBA72CA5E4BD005FCD91 /* Debug */,
				27D3DBA82CA5E4BD005FCD91 /* Release */,
			);
			defaultConfigurationIsVisible = 0;
			defaultConfigurationName = Release;
		};
		27D3DBA92CA5E4BD005FCD91 /* Build configuration list for PBXNativeTarget "SpendiQ" */ = {
			isa = XCConfigurationList;
			buildConfigurations = (
				27D3DBAA2CA5E4BD005FCD91 /* Debug */,
				27D3DBAB2CA5E4BD005FCD91 /* Release */,
			);
			defaultConfigurationIsVisible = 0;
			defaultConfigurationName = Release;
		};
		27D3DBAC2CA5E4BD005FCD91 /* Build configuration list for PBXNativeTarget "SpendiQTests" */ = {
			isa = XCConfigurationList;
			buildConfigurations = (
				27D3DBAD2CA5E4BD005FCD91 /* Debug */,
				27D3DBAE2CA5E4BD005FCD91 /* Release */,
			);
			defaultConfigurationIsVisible = 0;
			defaultConfigurationName = Release;
		};
		27D3DBAF2CA5E4BD005FCD91 /* Build configuration list for PBXNativeTarget "SpendiQUITests" */ = {
			isa = XCConfigurationList;
			buildConfigurations = (
				27D3DBB02CA5E4BD005FCD91 /* Debug */,
				27D3DBB12CA5E4BD005FCD91 /* Release */,
			);
			defaultConfigurationIsVisible = 0;
			defaultConfigurationName = Release;
		};
/* End XCConfigurationList section */

/* Begin XCRemoteSwiftPackageReference section */
		27D3DBB62CA5E56F005FCD91 /* XCRemoteSwiftPackageReference "firebase-ios-sdk" */ = {
			isa = XCRemoteSwiftPackageReference;
			repositoryURL = "https://github.com/firebase/firebase-ios-sdk";
			requirement = {
				kind = upToNextMajorVersion;
				minimumVersion = 11.2.0;
			};
		};
/* End XCRemoteSwiftPackageReference section */

/* Begin XCSwiftPackageProductDependency section */
		27D3DBB72CA5E56F005FCD91 /* FirebaseAnalytics */ = {
			isa = XCSwiftPackageProductDependency;
			package = 27D3DBB62CA5E56F005FCD91 /* XCRemoteSwiftPackageReference "firebase-ios-sdk" */;
			productName = FirebaseAnalytics;
		};
		631DE6122CAE24C700857621 /* FirebaseAnalyticsOnDeviceConversion */ = {
			isa = XCSwiftPackageProductDependency;
			productName = FirebaseAnalyticsOnDeviceConversion;
		};
		631DE6142CAE24C700857621 /* FirebaseAnalyticsWithoutAdIdSupport */ = {
			isa = XCSwiftPackageProductDependency;
			productName = FirebaseAnalyticsWithoutAdIdSupport;
		};
		631DE6162CAE24C700857621 /* FirebaseAppCheck */ = {
			isa = XCSwiftPackageProductDependency;
			productName = FirebaseAppCheck;
		};
		631DE6182CAE24C700857621 /* FirebaseAppDistribution-Beta */ = {
			isa = XCSwiftPackageProductDependency;
			productName = "FirebaseAppDistribution-Beta";
		};
		631DE61A2CAE24C700857621 /* FirebaseAuth */ = {
			isa = XCSwiftPackageProductDependency;
			productName = FirebaseAuth;
		};
		631DE61C2CAE24C700857621 /* FirebaseAuthCombine-Community */ = {
			isa = XCSwiftPackageProductDependency;
			productName = "FirebaseAuthCombine-Community";
		};
		631DE61E2CAE24C700857621 /* FirebaseCore */ = {
			isa = XCSwiftPackageProductDependency;
			productName = FirebaseCore;
		};
		631DE6202CAE24C700857621 /* FirebaseCrashlytics */ = {
			isa = XCSwiftPackageProductDependency;
			productName = FirebaseCrashlytics;
		};
		631DE6222CAE24C700857621 /* FirebaseDatabase */ = {
			isa = XCSwiftPackageProductDependency;
			productName = FirebaseDatabase;
		};
		631DE6242CAE24C700857621 /* FirebaseDynamicLinks */ = {
			isa = XCSwiftPackageProductDependency;
			productName = FirebaseDynamicLinks;
		};
		631DE6262CAE24C700857621 /* FirebaseFirestore */ = {
			isa = XCSwiftPackageProductDependency;
			productName = FirebaseFirestore;
		};
		631DE6282CAE24C700857621 /* FirebaseFirestoreCombine-Community */ = {
			isa = XCSwiftPackageProductDependency;
			productName = "FirebaseFirestoreCombine-Community";
		};
		631DE62A2CAE24C700857621 /* FirebaseFunctions */ = {
			isa = XCSwiftPackageProductDependency;
			productName = FirebaseFunctions;
		};
		631DE62C2CAE24C700857621 /* FirebaseFunctionsCombine-Community */ = {
			isa = XCSwiftPackageProductDependency;
			productName = "FirebaseFunctionsCombine-Community";
		};
		631DE62E2CAE24C700857621 /* FirebaseInAppMessaging-Beta */ = {
			isa = XCSwiftPackageProductDependency;
			productName = "FirebaseInAppMessaging-Beta";
		};
		631DE6302CAE24C700857621 /* FirebaseInstallations */ = {
			isa = XCSwiftPackageProductDependency;
			productName = FirebaseInstallations;
		};
		631DE6322CAE24C700857621 /* FirebaseMLModelDownloader */ = {
			isa = XCSwiftPackageProductDependency;
			productName = FirebaseMLModelDownloader;
		};
		631DE6342CAE24C700857621 /* FirebaseMessaging */ = {
			isa = XCSwiftPackageProductDependency;
			productName = FirebaseMessaging;
		};
		631DE6362CAE24C700857621 /* FirebasePerformance */ = {
			isa = XCSwiftPackageProductDependency;
			productName = FirebasePerformance;
		};
		631DE6382CAE24C700857621 /* FirebaseRemoteConfig */ = {
			isa = XCSwiftPackageProductDependency;
			productName = FirebaseRemoteConfig;
		};
		631DE63A2CAE24C700857621 /* FirebaseStorage */ = {
			isa = XCSwiftPackageProductDependency;
			productName = FirebaseStorage;
		};
		631DE63C2CAE24C700857621 /* FirebaseStorageCombine-Community */ = {
			isa = XCSwiftPackageProductDependency;
			productName = "FirebaseStorageCombine-Community";
		};
		631DE63E2CAE24C700857621 /* FirebaseVertexAI-Preview */ = {
			isa = XCSwiftPackageProductDependency;
			productName = "FirebaseVertexAI-Preview";
		};
/* End XCSwiftPackageProductDependency section */
	};
	rootObject = 27D3DB7D2CA5E4BB005FCD91 /* Project object */;
}
